
Microsoft Visual Studio Solution File, Format Version 12.00
# Visual Studio Version 17
VisualStudioVersion = 17.1.32414.318
MinimumVisualStudioVersion = 10.0.40219.1
Project("{FAE04EC0-301F-11D3-BF4B-00C04F79EFBC}") = "nlp-demo", "nlp-demo\nlp-demo.csproj", "{103783AE-C571-4C00-8F58-AFC763DC7F32}"
EndProject
Project("{FAE04EC0-301F-11D3-BF4B-00C04F79EFBC}") = "Shared", "Shared\Shared.csproj", "{7AF5D5D0-47C4-498F-A356-7965EAD8ABD3}"
EndProject
Global
	GlobalSection(SolutionConfigurationPlatforms) = preSolution
		Debug|Any CPU = Debug|Any CPU
		Release|Any CPU = Release|Any CPU
	EndGlobalSection
	GlobalSection(ProjectConfigurationPlatforms) = postSolution
		{103783AE-C571-4C00-8F58-AFC763DC7F32}.Debug|Any CPU.ActiveCfg = Debug|Any CPU
		{103783AE-C571-4C00-8F58-AFC763DC7F32}.Debug|Any CPU.Build.0 = Debug|Any CPU
		{103783AE-C571-4C00-8F58-AFC763DC7F32}.Release|Any CPU.ActiveCfg = Release|Any CPU
		{103783AE-C571-4C00-8F58-AFC763DC7F32}.Release|Any CPU.Build.0 = Release|Any CPU
		{7AF5D5D0-47C4-498F-A356-7965EAD8ABD3}.Debug|Any CPU.ActiveCfg = Debug|Any CPU
		{7AF5D5D0-47C4-498F-A356-7965EAD8ABD3}.Debug|Any CPU.Build.0 = Debug|Any CPU
		{7AF5D5D0-47C4-498F-A356-7965EAD8ABD3}.Release|Any CPU.ActiveCfg = Release|Any CPU
		{7AF5D5D0-47C4-498F-A356-7965EAD8ABD3}.Release|Any CPU.Build.0 = Release|Any CPU
	EndGlobalSection
	GlobalSection(SolutionProperties) = preSolution
		HideSolutionNode = FALSE
	EndGlobalSection
	GlobalSection(ExtensibilityGlobals) = postSolution
		SolutionGuid = {E5C3E819-E665-4529-832A-F4D42DC988FD}
	EndGlobalSection
EndGlobal
